
Microsoft Visual Studio Solution File, Format Version 12.00
# Visual Studio Version 17
VisualStudioVersion = 17.12.35506.116 d17.12
MinimumVisualStudioVersion = 10.0.40219.1
Project("{FAE04EC0-301F-11D3-BF4B-00C04F79EFBC}") = "Danhsachsinhvien", "Danhsachsinhvien\Danhsachsinhvien.csproj", "{07969C0D-C7BC-4E28-A2C1-E5A27F66A404}"
EndProject
Global
	GlobalSection(SolutionConfigurationPlatforms) = preSolution
		Debug|Any CPU = Debug|Any CPU
		Release|Any CPU = Release|Any CPU
	EndGlobalSection
	GlobalSection(ProjectConfigurationPlatforms) = postSolution
		{07969C0D-C7BC-4E28-A2C1-E5A27F66A404}.Debug|Any CPU.ActiveCfg = Debug|Any CPU
		{07969C0D-C7BC-4E28-A2C1-E5A27F66A404}.Debug|Any CPU.Build.0 = Debug|Any CPU
		{07969C0D-C7BC-4E28-A2C1-E5A27F66A404}.Release|Any CPU.ActiveCfg = Release|Any CPU
		{07969C0D-C7BC-4E28-A2C1-E5A27F66A404}.Release|Any CPU.Build.0 = Release|Any CPU
	EndGlobalSection
	GlobalSection(SolutionProperties) = preSolution
		HideSolutionNode = FALSE
	EndGlobalSection
EndGlobal
